<Solution>
  <Folder Name="/src/">
    <Project Path="src/CloudDown.Editor.Core/CloudDown.Editor.Core.csproj" />
    <Project Path="src/CloudDown.Editor.Sample/CloudDown.Editor.Sample.csproj" />
    <Project Path="src/CloudDown.Editor/CloudDown.Editor.csproj" />
  </Folder>
  <Folder Name="/tests/">
    <Project Path="tests/CloudDown.Editor.Tests/CloudDown.Editor.Tests.csproj" />
  </Folder>
</Solution>
